
Microsoft Visual Studio Solution File, Format Version 12.00
# Visual Studio Version 17
VisualStudioVersion = 17.8.34330.188
MinimumVisualStudioVersion = 10.0.40219.1
Project("{9A19103F-16F7-4668-BE54-9A1E7A4F7556}") = "WpfApp1", "WpfApp1\WpfApp1.csproj", "{9BC1C6C2-DF52-46FC-A411-9655EEC9DBB3}"
EndProject
Global
	GlobalSection(SolutionConfigurationPlatforms) = preSolution
		Debug|Any CPU = Debug|Any CPU
		Release|Any CPU = Release|Any CPU
	EndGlobalSection
	GlobalSection(ProjectConfigurationPlatforms) = postSolution
		{9BC1C6C2-DF52-46FC-A411-9655EEC9DBB3}.Debug|Any CPU.ActiveCfg = Debug|Any CPU
		{9BC1C6C2-DF52-46FC-A411-9655EEC9DBB3}.Debug|Any CPU.Build.0 = Debug|Any CPU
		{9BC1C6C2-DF52-46FC-A411-9655EEC9DBB3}.Release|Any CPU.ActiveCfg = Release|Any CPU
		{9BC1C6C2-DF52-46FC-A411-9655EEC9DBB3}.Release|Any CPU.Build.0 = Release|Any CPU
	EndGlobalSection
	GlobalSection(SolutionProperties) = preSolution
		HideSolutionNode = FALSE
	EndGlobalSection
	GlobalSection(ExtensibilityGlobals) = postSolution
		SolutionGuid = {E150DC41-04F1-4728-84D3-2378C7873695}
	EndGlobalSection
EndGlobal
